
Microsoft Visual Studio Solution File, Format Version 12.00
# Visual Studio Version 17
VisualStudioVersion = 17.0.32112.339
MinimumVisualStudioVersion = 10.0.40219.1
Project("{8BC9CEB8-8B4A-11D0-8D11-00A0C91BC942}") = "BackendSystemModelling", "BackendSystemModelling\BackendSystemModelling.vcxproj", "{9F379B31-0DCC-4511-A878-73A18077961B}"
EndProject
Global
	GlobalSection(SolutionConfigurationPlatforms) = preSolution
		Debug|x64 = Debug|x64
		Debug|x86 = Debug|x86
		Release|x64 = Release|x64
		Release|x86 = Release|x86
	EndGlobalSection
	GlobalSection(ProjectConfigurationPlatforms) = postSolution
		{9F379B31-0DCC-4511-A878-73A18077961B}.Debug|x64.ActiveCfg = Debug|x64
		{9F379B31-0DCC-4511-A878-73A18077961B}.Debug|x64.Build.0 = Debug|x64
		{9F379B31-0DCC-4511-A878-73A18077961B}.Debug|x86.ActiveCfg = Debug|Win32
		{9F379B31-0DCC-4511-A878-73A18077961B}.Debug|x86.Build.0 = Debug|Win32
		{9F379B31-0DCC-4511-A878-73A18077961B}.Release|x64.ActiveCfg = Release|x64
		{9F379B31-0DCC-4511-A878-73A18077961B}.Release|x64.Build.0 = Release|x64
		{9F379B31-0DCC-4511-A878-73A18077961B}.Release|x86.ActiveCfg = Release|Win32
		{9F379B31-0DCC-4511-A878-73A18077961B}.Release|x86.Build.0 = Release|Win32
	EndGlobalSection
	GlobalSection(SolutionProperties) = preSolution
		HideSolutionNode = FALSE
	EndGlobalSection
	GlobalSection(ExtensibilityGlobals) = postSolution
		SolutionGuid = {7D16F658-2B43-4891-9112-70DD21A852DE}
	EndGlobalSection
EndGlobal
